<?xml version="1.0" encoding="utf-8"?>
<Project ToolsVersion="4.0" xmlns="http://schemas.microsoft.com/developer/msbuild/2003">
  <ItemGroup>
    <Filter Include="Source Files">
      <UniqueIdentifier>{4FC737F1-C7A5-4376-A066-2A32D752A2FF}</UniqueIdentifier>
      <Extensions>cpp;c;cc;cxx;def;odl;idl;hpj;bat;asm;asmx</Extensions>
    </Filter>
    <Filter Include="Header Files">
      <UniqueIdentifier>{93995380-89BD-4b04-88EB-625FBE52EBFB}</UniqueIdentifier>
      <Extensions>h;hh;hpp;hxx;hm;inl;inc;xsd</Extensions>
    </Filter>
    <Filter Include="Resource Files">
      <UniqueIdentifier>{67DA6AB6-F800-4c08-8B7A-83BB121AAD01}</UniqueIdentifier>
      <Extensions>rc;ico;cur;bmp;dlg;rc2;rct;bin;rgs;gif;jpg;jpeg;jpe;resx;tiff;tif;png;wav;mfcribbon-ms</Extensions>
    </Filter>
  </ItemGroup>
  <ItemGroup>
    <None Include="DanceFloor.ino" />
  </ItemGroup>
  <ItemGroup>
    <ClInclude Include="Visual Micro\.DanceFloor.vsarduino.h">
      <Filter>Header Files</Filter>
    </ClInclude>
    <ClInclude Include="Adafruit_WS2801.h">
      <Filter>Header Files</Filter>
    </ClInclude>
    <ClInclude Include="Config.h">
      <Filter>Header Files</Filter>
    </ClInclude>
    <ClInclude Include="SequencePlayer.h">
      <Filter>Header Files</Filter>
    </ClInclude>
    <ClInclude Include="FrameRenderer.h">
      <Filter>Header Files</Filter>
    </ClInclude>
    <ClInclude Include="Controller.h">
      <Filter>Header Files</Filter>
    </ClInclude>
    <ClInclude Include="TextPlayer.h">
      <Filter>Header Files</Filter>
    </ClInclude>
    <ClInclude Include="fscale.h">
      <Filter>Header Files</Filter>
    </ClInclude>
    <ClInclude Include="Player.h">
      <Filter>Header Files</Filter>
    </ClInclude>
    <ClInclude Include="WelcomePlayer.h">
      <Filter>Header Files</Filter>
    </ClInclude>
    <ClInclude Include="programs.h">
      <Filter>Header Files</Filter>
    </ClInclude>
    <ClInclude Include="PlasmaPlayer.h">
      <Filter>Header Files</Filter>
    </ClInclude>
    <ClInclude Include="PaletteSequencePlayer.h">
      <Filter>Header Files</Filter>
    </ClInclude>
    <ClInclude Include="MemoryFree.h">
      <Filter>Header Files</Filter>
    </ClInclude>
    <ClInclude Include="rainbow_diag_top_to_bottom.h">
      <Filter>Header Files</Filter>
    </ClInclude>
    <ClInclude Include="Gaussian.h">
      <Filter>Header Files</Filter>
    </ClInclude>
    <ClInclude Include="jumping_blossom.h">
      <Filter>Header Files</Filter>
    </ClInclude>
    <ClInclude Include="walking_tripples.h">
      <Filter>Header Files</Filter>
    </ClInclude>
    <ClInclude Include="alarm.h">
      <Filter>Header Files</Filter>
    </ClInclude>
    <ClInclude Include="pong.h">
      <Filter>Header Files</Filter>
    </ClInclude>
    <ClInclude Include="rot_drehend.h">
      <Filter>Header Files</Filter>
    </ClInclude>
    <ClInclude Include="black_and_white.h">
      <Filter>Header Files</Filter>
    </ClInclude>
    <ClInclude Include="curtain_with_a_smile.h">
      <Filter>Header Files</Filter>
    </ClInclude>
    <ClInclude Include="this_side_up.h">
      <Filter>Header Files</Filter>
    </ClInclude>
    <ClInclude Include="inversion_of_ctrl.h">
      <Filter>Header Files</Filter>
    </ClInclude>
    <ClInclude Include="S.h">
      <Filter>Header Files</Filter>
    </ClInclude>
    <ClInclude Include="wild_at_heart.h">
      <Filter>Header Files</Filter>
    </ClInclude>
    <ClInclude Include="Alphabet.h">
      <Filter>Header Files</Filter>
    </ClInclude>
    <ClInclude Include="secret_message.h">
      <Filter>Header Files</Filter>
    </ClInclude>
    <ClInclude Include="maiwald.h">
      <Filter>Header Files</Filter>
    </ClInclude>
    <ClInclude Include="wurm.h">
      <Filter>Header Files</Filter>
    </ClInclude>
    <ClInclude Include="hofrat_keller.h">
      <Filter>Header Files</Filter>
    </ClInclude>
    <ClInclude Include="blinky_pinky_inky.h">
      <Filter>Header Files</Filter>
    </ClInclude>
  </ItemGroup>
  <ItemGroup>
    <ClCompile Include="Adafruit_WS2801.cpp">
      <Filter>Source Files</Filter>
    </ClCompile>
    <ClCompile Include="SequencePlayer.cpp">
      <Filter>Source Files</Filter>
    </ClCompile>
    <ClCompile Include="FrameRenderer.cpp">
      <Filter>Source Files</Filter>
    </ClCompile>
    <ClCompile Include="Controller.cpp">
      <Filter>Source Files</Filter>
    </ClCompile>
    <ClCompile Include="TextPlayer.cpp">
      <Filter>Source Files</Filter>
    </ClCompile>
    <ClCompile Include="Player.cpp">
      <Filter>Source Files</Filter>
    </ClCompile>
    <ClCompile Include="WelcomePlayer.cpp">
      <Filter>Source Files</Filter>
    </ClCompile>
    <ClCompile Include="PlasmaPlayer.cpp">
      <Filter>Source Files</Filter>
    </ClCompile>
    <ClCompile Include="PaletteSequencePlayer.cpp">
      <Filter>Source Files</Filter>
    </ClCompile>
    <ClCompile Include="MemoryFree.cpp">
      <Filter>Source Files</Filter>
    </ClCompile>
  </ItemGroup>
</Project>