
Microsoft Visual Studio Solution File, Format Version 12.00
# Visual Studio 2013
VisualStudioVersion = 12.0.31101.0
MinimumVisualStudioVersion = 10.0.40219.1
Project("{2150E333-8FDC-42A3-9474-1A3956D46DE8}") = "Solution Items", "Solution Items", "{BDC7867E-5936-4640-92ED-287ED6D8C14C}"
	ProjectSection(SolutionItems) = preProject
		Readme.md = Readme.md
	EndProjectSection
EndProject
Project("{8BC9CEB8-8B4A-11D0-8D11-00A0C91BC942}") = "DanceFloor", "DanceFloor.vcxproj", "{CC3C34C4-E316-4D9E-A65F-B84725E19BBA}"
EndProject
Global
	GlobalSection(SolutionConfigurationPlatforms) = preSolution
		Debug|Win32 = Debug|Win32
		Release|Win32 = Release|Win32
	EndGlobalSection
	GlobalSection(ProjectConfigurationPlatforms) = postSolution
		{CC3C34C4-E316-4D9E-A65F-B84725E19BBA}.Debug|Win32.ActiveCfg = Debug|Win32
		{CC3C34C4-E316-4D9E-A65F-B84725E19BBA}.Debug|Win32.Build.0 = Debug|Win32
		{CC3C34C4-E316-4D9E-A65F-B84725E19BBA}.Release|Win32.ActiveCfg = Release|Win32
		{CC3C34C4-E316-4D9E-A65F-B84725E19BBA}.Release|Win32.Build.0 = Release|Win32
	EndGlobalSection
	GlobalSection(SolutionProperties) = preSolution
		HideSolutionNode = FALSE
	EndGlobalSection
EndGlobal
